// !$*UTF8*$!
{
	archiveVersion = 1;
	classes = {
	};
	objectVersion = 77;
	objects = {

/* Begin PBXBuildFile section */
		CE3536012E53CFCD00B479D7 /* ProjectsCache in Frameworks */ = {isa = PBXBuildFile; productRef = CE3536002E53CFCD00B479D7 /* ProjectsCache */; };
		CE3536032E53CFCD00B479D7 /* ProjectsData in Frameworks */ = {isa = PBXBuildFile; productRef = CE3536022E53CFCD00B479D7 /* ProjectsData */; };
		CE3536052E53CFCD00B479D7 /* ProjectsDomain in Frameworks */ = {isa = PBXBuildFile; productRef = CE3536042E53CFCD00B479D7 /* ProjectsDomain */; };
		CE77B2A32E53C56B00AA55AF /* AuthFeature in Frameworks */ = {isa = PBXBuildFile; productRef = CE77B2A22E53C56B00AA55AF /* AuthFeature */; };
		CE77B2A52E53C56E00AA55AF /* ExploreFeature in Frameworks */ = {isa = PBXBuildFile; productRef = CE77B2A42E53C56E00AA55AF /* ExploreFeature */; };
		CE77B2A92E53C57700AA55AF /* GitLabLogging in Frameworks */ = {isa = PBXBuildFile; productRef = CE77B2A82E53C57700AA55AF /* GitLabLogging */; };
		CE77B2AB2E53C57B00AA55AF /* GitLabNetwork in Frameworks */ = {isa = PBXBuildFile; productRef = CE77B2AA2E53C57B00AA55AF /* GitLabNetwork */; };
		CE77B2AD2E53C57E00AA55AF /* GitLabPersistence in Frameworks */ = {isa = PBXBuildFile; productRef = CE77B2AC2E53C57E00AA55AF /* GitLabPersistence */; };
		CE77B2AF2E53C58200AA55AF /* GitLabUtilities in Frameworks */ = {isa = PBXBuildFile; productRef = CE77B2AE2E53C58200AA55AF /* GitLabUtilities */; };
		CE77B2B12E53C58600AA55AF /* HomeFeature in Frameworks */ = {isa = PBXBuildFile; productRef = CE77B2B02E53C58600AA55AF /* HomeFeature */; };
		CE77B2B32E53C58B00AA55AF /* ProfileFeature in Frameworks */ = {isa = PBXBuildFile; productRef = CE77B2B22E53C58B00AA55AF /* ProfileFeature */; };
		CE77B2B52E53C59700AA55AF /* ProjectDetailsFeature in Frameworks */ = {isa = PBXBuildFile; productRef = CE77B2B42E53C59700AA55AF /* ProjectDetailsFeature */; };
		CE7E159B2E53D5AA00C3FD3E /* GitLabDesignSystem in Frameworks */ = {isa = PBXBuildFile; productRef = CE7E159A2E53D5AA00C3FD3E /* GitLabDesignSystem */; };
		CEBA20532E551A350004A2E1 /* UsersData in Frameworks */ = {isa = PBXBuildFile; productRef = CEBA20522E551A350004A2E1 /* UsersData */; };
		CEBA20552E551A350004A2E1 /* UsersDomain in Frameworks */ = {isa = PBXBuildFile; productRef = CEBA20542E551A350004A2E1 /* UsersDomain */; };
		CEF49D392E54A7D500E6D38C /* GitLabImageLoading in Frameworks */ = {isa = PBXBuildFile; productRef = CEF49D382E54A7D500E6D38C /* GitLabImageLoading */; };
		CEF49D3B2E54A7D500E6D38C /* GitLabImageLoadingKingfisher in Frameworks */ = {isa = PBXBuildFile; productRef = CEF49D3A2E54A7D500E6D38C /* GitLabImageLoadingKingfisher */; };
		CEF49D422E54AA5900E6D38C /* UserProjectsFeature in Frameworks */ = {isa = PBXBuildFile; productRef = CEF49D412E54AA5900E6D38C /* UserProjectsFeature */; };
/* End PBXBuildFile section */

/* Begin PBXFileReference section */
		CE8494CD2E4B783300B03BD6 /* GitLabMobile.app */ = {isa = PBXFileReference; explicitFileType = wrapper.application; includeInIndex = 0; path = GitLabMobile.app; sourceTree = BUILT_PRODUCTS_DIR; };
		CEDB7CAB2E4D564900A7583B /* LICENSE */ = {isa = PBXFileReference; lastKnownFileType = text; name = LICENSE; path = ../LICENSE; sourceTree = SOURCE_ROOT; };
/* End PBXFileReference section */

/* Begin PBXFileSystemSynchronizedBuildFileExceptionSet section */
		CE849ACE2E4B99C400B03BD6 /* Exceptions for "GitLabMobile" folder in "GitLabMobile" target */ = {
			isa = PBXFileSystemSynchronizedBuildFileExceptionSet;
			membershipExceptions = (
				Info.plist,
			);
			target = CE8494CC2E4B783300B03BD6 /* GitLabMobile */;
		};
		CEBA21A82E5538B40004A2E1 /* Exceptions for "Core" folder in "GitLabMobile" target */ = {
			isa = PBXFileSystemSynchronizedBuildFileExceptionSet;
			membershipExceptions = (
				GitLabDesignSystem,
				GitLabImageLoading,
				GitLabLogging,
				GitLabNetwork,
				GitLabPersistence,
				GitLabUtilities,
			);
			target = CE8494CC2E4B783300B03BD6 /* GitLabMobile */;
		};
		CEBA21A92E5538B40004A2E1 /* Exceptions for "Features" folder in "GitLabMobile" target */ = {
			isa = PBXFileSystemSynchronizedBuildFileExceptionSet;
			membershipExceptions = (
				AuthFeature,
				ExploreFeature,
				HomeFeature,
				ProfileFeature,
			);
			target = CE8494CC2E4B783300B03BD6 /* GitLabMobile */;
		};
		CEBA21AA2E5538B40004A2E1 /* Exceptions for "Kits" folder in "GitLabMobile" target */ = {
			isa = PBXFileSystemSynchronizedBuildFileExceptionSet;
			membershipExceptions = (
				ProjectsKit,
			);
			target = CE8494CC2E4B783300B03BD6 /* GitLabMobile */;
		};
/* End PBXFileSystemSynchronizedBuildFileExceptionSet section */

/* Begin PBXFileSystemSynchronizedRootGroup section */
		CE8494CF2E4B783300B03BD6 /* GitLabMobile */ = {
			isa = PBXFileSystemSynchronizedRootGroup;
			exceptions = (
				CE849ACE2E4B99C400B03BD6 /* Exceptions for "GitLabMobile" folder in "GitLabMobile" target */,
			);
			path = GitLabMobile;
			sourceTree = "<group>";
		};
		CEBA21982E5538B40004A2E1 /* Core */ = {
			isa = PBXFileSystemSynchronizedRootGroup;
			exceptions = (
				CEBA21A82E5538B40004A2E1 /* Exceptions for "Core" folder in "GitLabMobile" target */,
			);
			path = Core;
			sourceTree = "<group>";
		};
		CEBA219F2E5538B40004A2E1 /* Features */ = {
			isa = PBXFileSystemSynchronizedRootGroup;
			exceptions = (
				CEBA21A92E5538B40004A2E1 /* Exceptions for "Features" folder in "GitLabMobile" target */,
			);
			path = Features;
			sourceTree = "<group>";
		};
		CEBA21A22E5538B40004A2E1 /* Kits */ = {
			isa = PBXFileSystemSynchronizedRootGroup;
			exceptions = (
				CEBA21AA2E5538B40004A2E1 /* Exceptions for "Kits" folder in "GitLabMobile" target */,
			);
			path = Kits;
			sourceTree = "<group>";
		};
/* End PBXFileSystemSynchronizedRootGroup section */

/* Begin PBXFrameworksBuildPhase section */
		CE8494CA2E4B783300B03BD6 /* Frameworks */ = {
			isa = PBXFrameworksBuildPhase;
			buildActionMask = 2147483647;
			files = (
				CE3536032E53CFCD00B479D7 /* ProjectsData in Frameworks */,
				CEBA20552E551A350004A2E1 /* UsersDomain in Frameworks */,
				CE77B2B32E53C58B00AA55AF /* ProfileFeature in Frameworks */,
				CEF49D422E54AA5900E6D38C /* UserProjectsFeature in Frameworks */,
				CE77B2A32E53C56B00AA55AF /* AuthFeature in Frameworks */,
				CEF49D3B2E54A7D500E6D38C /* GitLabImageLoadingKingfisher in Frameworks */,
				CEF49D392E54A7D500E6D38C /* GitLabImageLoading in Frameworks */,
				CE7E159B2E53D5AA00C3FD3E /* GitLabDesignSystem in Frameworks */,
				CE77B2AD2E53C57E00AA55AF /* GitLabPersistence in Frameworks */,
				CE77B2B12E53C58600AA55AF /* HomeFeature in Frameworks */,
				CE77B2A52E53C56E00AA55AF /* ExploreFeature in Frameworks */,
				CE3536012E53CFCD00B479D7 /* ProjectsCache in Frameworks */,
				CE77B2AB2E53C57B00AA55AF /* GitLabNetwork in Frameworks */,
				CE77B2AF2E53C58200AA55AF /* GitLabUtilities in Frameworks */,
				CE3536052E53CFCD00B479D7 /* ProjectsDomain in Frameworks */,
				CEBA20532E551A350004A2E1 /* UsersData in Frameworks */,
				CE77B2B52E53C59700AA55AF /* ProjectDetailsFeature in Frameworks */,
				CE77B2A92E53C57700AA55AF /* GitLabLogging in Frameworks */,
			);
			runOnlyForDeploymentPostprocessing = 0;
		};
/* End PBXFrameworksBuildPhase section */

/* Begin PBXGroup section */
		CE77B2A12E53C56B00AA55AF /* Frameworks */ = {
			isa = PBXGroup;
			children = (
			);
			name = Frameworks;
			sourceTree = "<group>";
		};
		CE8494C42E4B783300B03BD6 = {
			isa = PBXGroup;
			children = (
				CE8494CF2E4B783300B03BD6 /* GitLabMobile */,
				CE8494CE2E4B783300B03BD6 /* Products */,
				CEDB7CAB2E4D564900A7583B /* LICENSE */,
				CE77B2A12E53C56B00AA55AF /* Frameworks */,
				CEBA21982E5538B40004A2E1 /* Core */,
				CEBA219F2E5538B40004A2E1 /* Features */,
				CEBA21A22E5538B40004A2E1 /* Kits */,
			);
			sourceTree = "<group>";
		};
		CE8494CE2E4B783300B03BD6 /* Products */ = {
			isa = PBXGroup;
			children = (
				CE8494CD2E4B783300B03BD6 /* GitLabMobile.app */,
			);
			name = Products;
			sourceTree = "<group>";
		};
/* End PBXGroup section */

/* Begin PBXNativeTarget section */
		CE8494CC2E4B783300B03BD6 /* GitLabMobile */ = {
			isa = PBXNativeTarget;
			buildConfigurationList = CE8494DC2E4B783500B03BD6 /* Build configuration list for PBXNativeTarget "GitLabMobile" */;
			buildPhases = (
				CE8494C92E4B783300B03BD6 /* Sources */,
				CE8494CA2E4B783300B03BD6 /* Frameworks */,
				CE8494CB2E4B783300B03BD6 /* Resources */,
				CE8494E92E4B7E4D00B03BD6 /* SwiftLint */,
			);
			buildRules = (
			);
			dependencies = (
			);
			fileSystemSynchronizedGroups = (
				CE8494CF2E4B783300B03BD6 /* GitLabMobile */,
				CEBA21982E5538B40004A2E1 /* Core */,
			);
			name = GitLabMobile;
			packageProductDependencies = (
				CE77B2A22E53C56B00AA55AF /* AuthFeature */,
				CE77B2A42E53C56E00AA55AF /* ExploreFeature */,
				CE77B2A82E53C57700AA55AF /* GitLabLogging */,
				CE77B2AA2E53C57B00AA55AF /* GitLabNetwork */,
				CE77B2AC2E53C57E00AA55AF /* GitLabPersistence */,
				CE77B2AE2E53C58200AA55AF /* GitLabUtilities */,
				CE77B2B02E53C58600AA55AF /* HomeFeature */,
				CE77B2B22E53C58B00AA55AF /* ProfileFeature */,
				CE77B2B42E53C59700AA55AF /* ProjectDetailsFeature */,
				CE3536002E53CFCD00B479D7 /* ProjectsCache */,
				CE3536022E53CFCD00B479D7 /* ProjectsData */,
				CE3536042E53CFCD00B479D7 /* ProjectsDomain */,
				CE7E159A2E53D5AA00C3FD3E /* GitLabDesignSystem */,
				CEF49D382E54A7D500E6D38C /* GitLabImageLoading */,
				CEF49D3A2E54A7D500E6D38C /* GitLabImageLoadingKingfisher */,
				CEF49D412E54AA5900E6D38C /* UserProjectsFeature */,
				CEBA20522E551A350004A2E1 /* UsersData */,
				CEBA20542E551A350004A2E1 /* UsersDomain */,
			);
			productName = GitLabMobile;
			productReference = CE8494CD2E4B783300B03BD6 /* GitLabMobile.app */;
			productType = "com.apple.product-type.application";
		};
/* End PBXNativeTarget section */

/* Begin PBXProject section */
		CE8494C52E4B783300B03BD6 /* Project object */ = {
			isa = PBXProject;
			attributes = {
				BuildIndependentTargetsInParallel = 1;
				LastSwiftUpdateCheck = 1620;
				LastUpgradeCheck = 1620;
				ORGANIZATIONNAME = Eliomane;
				TargetAttributes = {
					CE8494CC2E4B783300B03BD6 = {
						CreatedOnToolsVersion = 16.2;
					};
				};
			};
			buildConfigurationList = CE8494C82E4B783300B03BD6 /* Build configuration list for PBXProject "GitLabMobile" */;
			developmentRegion = en;
			hasScannedForEncodings = 0;
			knownRegions = (
				en,
				Base,
			);
			mainGroup = CE8494C42E4B783300B03BD6;
			minimizedProjectReferenceProxies = 1;
			packageReferences = (
			);
			preferredProjectObjectVersion = 77;
			productRefGroup = CE8494CE2E4B783300B03BD6 /* Products */;
			projectDirPath = "";
			projectRoot = "";
			targets = (
				CE8494CC2E4B783300B03BD6 /* GitLabMobile */,
			);
		};
/* End PBXProject section */

/* Begin PBXResourcesBuildPhase section */
		CE8494CB2E4B783300B03BD6 /* Resources */ = {
			isa = PBXResourcesBuildPhase;
			buildActionMask = 2147483647;
			files = (
			);
			runOnlyForDeploymentPostprocessing = 0;
		};
/* End PBXResourcesBuildPhase section */

/* Begin PBXShellScriptBuildPhase section */
		CE8494E92E4B7E4D00B03BD6 /* SwiftLint */ = {
			isa = PBXShellScriptBuildPhase;
			alwaysOutOfDate = 1;
			buildActionMask = 2147483647;
			files = (
			);
			inputFileListPaths = (
			);
			inputPaths = (
			);
			name = SwiftLint;
			outputFileListPaths = (
			);
			outputPaths = (
			);
			runOnlyForDeploymentPostprocessing = 0;
			shellPath = /bin/sh;
			shellScript = "if [[ \"$(uname -m)\" == arm64 ]]; then\n    export PATH=\"/opt/homebrew/bin:$PATH\"\nfi\n\nCONFIG_PATH=\"$SRCROOT/../.swiftlint.yml\"\n\nif which swiftlint > /dev/null; then\n    echo \"Auto-fixing SwiftLint violations where possible…\"\n    swiftlint --fix --config \"$CONFIG_PATH\"\n\n    echo \"Then linting for remaining violations…\"\n    swiftlint lint --config \"$CONFIG_PATH\"\nelse\n    echo \"warning: SwiftLint not installed, download from https://github.com/realm/SwiftLint\"\nfi\n";
			showEnvVarsInLog = 0;
		};
/* End PBXShellScriptBuildPhase section */

/* Begin PBXSourcesBuildPhase section */
		CE8494C92E4B783300B03BD6 /* Sources */ = {
			isa = PBXSourcesBuildPhase;
			buildActionMask = 2147483647;
			files = (
			);
			runOnlyForDeploymentPostprocessing = 0;
		};
/* End PBXSourcesBuildPhase section */

/* Begin XCBuildConfiguration section */
		CE8494DA2E4B783500B03BD6 /* Debug */ = {
			isa = XCBuildConfiguration;
			buildSettings = {
				ALWAYS_SEARCH_USER_PATHS = NO;
				ASSETCATALOG_COMPILER_GENERATE_SWIFT_ASSET_SYMBOL_EXTENSIONS = YES;
				CLANG_ANALYZER_NONNULL = YES;
				CLANG_ANALYZER_NUMBER_OBJECT_CONVERSION = YES_AGGRESSIVE;
				CLANG_CXX_LANGUAGE_STANDARD = "gnu++20";
				CLANG_ENABLE_MODULES = YES;
				CLANG_ENABLE_OBJC_ARC = YES;
				CLANG_ENABLE_OBJC_WEAK = YES;
				CLANG_WARN_BLOCK_CAPTURE_AUTORELEASING = YES;
				CLANG_WARN_BOOL_CONVERSION = YES;
				CLANG_WARN_COMMA = YES;
				CLANG_WARN_CONSTANT_CONVERSION = YES;
				CLANG_WARN_DEPRECATED_OBJC_IMPLEMENTATIONS = YES;
				CLANG_WARN_DIRECT_OBJC_ISA_USAGE = YES_ERROR;
				CLANG_WARN_DOCUMENTATION_COMMENTS = YES;
				CLANG_WARN_EMPTY_BODY = YES;
				CLANG_WARN_ENUM_CONVERSION = YES;
				CLANG_WARN_INFINITE_RECURSION = YES;
				CLANG_WARN_INT_CONVERSION = YES;
				CLANG_WARN_NON_LITERAL_NULL_CONVERSION = YES;
				CLANG_WARN_OBJC_IMPLICIT_RETAIN_SELF = YES;
				CLANG_WARN_OBJC_LITERAL_CONVERSION = YES;
				CLANG_WARN_OBJC_ROOT_CLASS = YES_ERROR;
				CLANG_WARN_QUOTED_INCLUDE_IN_FRAMEWORK_HEADER = YES;
				CLANG_WARN_RANGE_LOOP_ANALYSIS = YES;
				CLANG_WARN_STRICT_PROTOTYPES = YES;
				CLANG_WARN_SUSPICIOUS_MOVE = YES;
				CLANG_WARN_UNGUARDED_AVAILABILITY = YES_AGGRESSIVE;
				CLANG_WARN_UNREACHABLE_CODE = YES;
				CLANG_WARN__DUPLICATE_METHOD_MATCH = YES;
				COPY_PHASE_STRIP = NO;
				DEBUG_INFORMATION_FORMAT = dwarf;
				ENABLE_STRICT_OBJC_MSGSEND = YES;
				ENABLE_TESTABILITY = YES;
				ENABLE_USER_SCRIPT_SANDBOXING = YES;
				GCC_C_LANGUAGE_STANDARD = gnu17;
				GCC_DYNAMIC_NO_PIC = NO;
				GCC_NO_COMMON_BLOCKS = YES;
				GCC_OPTIMIZATION_LEVEL = 0;
				GCC_PREPROCESSOR_DEFINITIONS = (
					"DEBUG=1",
					"$(inherited)",
				);
				GCC_WARN_64_TO_32_BIT_CONVERSION = YES;
				GCC_WARN_ABOUT_RETURN_TYPE = YES_ERROR;
				GCC_WARN_UNDECLARED_SELECTOR = YES;
				GCC_WARN_UNINITIALIZED_AUTOS = YES_AGGRESSIVE;
				GCC_WARN_UNUSED_FUNCTION = YES;
				GCC_WARN_UNUSED_VARIABLE = YES;
				LOCALIZATION_PREFERS_STRING_CATALOGS = YES;
				MTL_ENABLE_DEBUG_INFO = INCLUDE_SOURCE;
				MTL_FAST_MATH = YES;
				ONLY_ACTIVE_ARCH = YES;
				SWIFT_ACTIVE_COMPILATION_CONDITIONS = "DEBUG $(inherited)";
				SWIFT_OPTIMIZATION_LEVEL = "-Onone";
			};
			name = Debug;
		};
		CE8494DB2E4B783500B03BD6 /* Release */ = {
			isa = XCBuildConfiguration;
			buildSettings = {
				ALWAYS_SEARCH_USER_PATHS = NO;
				ASSETCATALOG_COMPILER_GENERATE_SWIFT_ASSET_SYMBOL_EXTENSIONS = YES;
				CLANG_ANALYZER_NONNULL = YES;
				CLANG_ANALYZER_NUMBER_OBJECT_CONVERSION = YES_AGGRESSIVE;
				CLANG_CXX_LANGUAGE_STANDARD = "gnu++20";
				CLANG_ENABLE_MODULES = YES;
				CLANG_ENABLE_OBJC_ARC = YES;
				CLANG_ENABLE_OBJC_WEAK = YES;
				CLANG_WARN_BLOCK_CAPTURE_AUTORELEASING = YES;
				CLANG_WARN_BOOL_CONVERSION = YES;
				CLANG_WARN_COMMA = YES;
				CLANG_WARN_CONSTANT_CONVERSION = YES;
				CLANG_WARN_DEPRECATED_OBJC_IMPLEMENTATIONS = YES;
				CLANG_WARN_DIRECT_OBJC_ISA_USAGE = YES_ERROR;
				CLANG_WARN_DOCUMENTATION_COMMENTS = YES;
				CLANG_WARN_EMPTY_BODY = YES;
				CLANG_WARN_ENUM_CONVERSION = YES;
				CLANG_WARN_INFINITE_RECURSION = YES;
				CLANG_WARN_INT_CONVERSION = YES;
				CLANG_WARN_NON_LITERAL_NULL_CONVERSION = YES;
				CLANG_WARN_OBJC_IMPLICIT_RETAIN_SELF = YES;
				CLANG_WARN_OBJC_LITERAL_CONVERSION = YES;
				CLANG_WARN_OBJC_ROOT_CLASS = YES_ERROR;
				CLANG_WARN_QUOTED_INCLUDE_IN_FRAMEWORK_HEADER = YES;
				CLANG_WARN_RANGE_LOOP_ANALYSIS = YES;
				CLANG_WARN_STRICT_PROTOTYPES = YES;
				CLANG_WARN_SUSPICIOUS_MOVE = YES;
				CLANG_WARN_UNGUARDED_AVAILABILITY = YES_AGGRESSIVE;
				CLANG_WARN_UNREACHABLE_CODE = YES;
				CLANG_WARN__DUPLICATE_METHOD_MATCH = YES;
				COPY_PHASE_STRIP = NO;
				DEBUG_INFORMATION_FORMAT = "dwarf-with-dsym";
				ENABLE_NS_ASSERTIONS = NO;
				ENABLE_STRICT_OBJC_MSGSEND = YES;
				ENABLE_USER_SCRIPT_SANDBOXING = YES;
				GCC_C_LANGUAGE_STANDARD = gnu17;
				GCC_NO_COMMON_BLOCKS = YES;
				GCC_WARN_64_TO_32_BIT_CONVERSION = YES;
				GCC_WARN_ABOUT_RETURN_TYPE = YES_ERROR;
				GCC_WARN_UNDECLARED_SELECTOR = YES;
				GCC_WARN_UNINITIALIZED_AUTOS = YES_AGGRESSIVE;
				GCC_WARN_UNUSED_FUNCTION = YES;
				GCC_WARN_UNUSED_VARIABLE = YES;
				LOCALIZATION_PREFERS_STRING_CATALOGS = YES;
				MTL_ENABLE_DEBUG_INFO = NO;
				MTL_FAST_MATH = YES;
				SWIFT_COMPILATION_MODE = wholemodule;
			};
			name = Release;
		};
		CE8494DD2E4B783500B03BD6 /* Debug */ = {
			isa = XCBuildConfiguration;
			buildSettings = {
				ASSETCATALOG_COMPILER_APPICON_NAME = AppIcon;
				ASSETCATALOG_COMPILER_GLOBAL_ACCENT_COLOR_NAME = AccentColor;
				CODE_SIGN_ENTITLEMENTS = GitLabMobile/GitLabMobile.entitlements;
				CODE_SIGN_STYLE = Automatic;
				CURRENT_PROJECT_VERSION = 1;
				DEVELOPMENT_ASSET_PATHS = "\"GitLabMobile/Preview Content\"";
				ENABLE_PREVIEWS = YES;
				ENABLE_USER_SCRIPT_SANDBOXING = NO;
				GENERATE_INFOPLIST_FILE = YES;
				INFOPLIST_FILE = GitLabMobile/Info.plist;
				INFOPLIST_KEY_LSApplicationCategoryType = "public.app-category.developer-tools";
				"INFOPLIST_KEY_UIApplicationSceneManifest_Generation[sdk=iphoneos*]" = YES;
				"INFOPLIST_KEY_UIApplicationSceneManifest_Generation[sdk=iphonesimulator*]" = YES;
				"INFOPLIST_KEY_UIApplicationSupportsIndirectInputEvents[sdk=iphoneos*]" = YES;
				"INFOPLIST_KEY_UIApplicationSupportsIndirectInputEvents[sdk=iphonesimulator*]" = YES;
				"INFOPLIST_KEY_UILaunchScreen_Generation[sdk=iphoneos*]" = YES;
				"INFOPLIST_KEY_UILaunchScreen_Generation[sdk=iphonesimulator*]" = YES;
				"INFOPLIST_KEY_UIStatusBarStyle[sdk=iphoneos*]" = UIStatusBarStyleDefault;
				"INFOPLIST_KEY_UIStatusBarStyle[sdk=iphonesimulator*]" = UIStatusBarStyleDefault;
				INFOPLIST_KEY_UISupportedInterfaceOrientations_iPad = "UIInterfaceOrientationPortrait UIInterfaceOrientationPortraitUpsideDown UIInterfaceOrientationLandscapeLeft UIInterfaceOrientationLandscapeRight";
				INFOPLIST_KEY_UISupportedInterfaceOrientations_iPhone = "UIInterfaceOrientationPortrait UIInterfaceOrientationLandscapeLeft UIInterfaceOrientationLandscapeRight";
				IPHONEOS_DEPLOYMENT_TARGET = 17.1;
				LD_RUNPATH_SEARCH_PATHS = "@executable_path/Frameworks";
				"LD_RUNPATH_SEARCH_PATHS[sdk=macosx*]" = "@executable_path/../Frameworks";
				MACOSX_DEPLOYMENT_TARGET = 15.1;
				MARKETING_VERSION = 1.0;
				PRODUCT_BUNDLE_IDENTIFIER = com.eliomane.GitLabMobile;
				PRODUCT_NAME = "$(TARGET_NAME)";
				SDKROOT = auto;
				SUPPORTED_PLATFORMS = "iphoneos iphonesimulator macosx xros xrsimulator";
				SWIFT_EMIT_LOC_STRINGS = YES;
				SWIFT_VERSION = 5.0;
				TARGETED_DEVICE_FAMILY = "1,2,7";
				XROS_DEPLOYMENT_TARGET = 2.2;
			};
			name = Debug;
		};
		CE8494DE2E4B783500B03BD6 /* Release */ = {
			isa = XCBuildConfiguration;
			buildSettings = {
				ASSETCATALOG_COMPILER_APPICON_NAME = AppIcon;
				ASSETCATALOG_COMPILER_GLOBAL_ACCENT_COLOR_NAME = AccentColor;
				CODE_SIGN_ENTITLEMENTS = GitLabMobile/GitLabMobile.entitlements;
				CODE_SIGN_STYLE = Automatic;
				CURRENT_PROJECT_VERSION = 1;
				DEVELOPMENT_ASSET_PATHS = "\"GitLabMobile/Preview Content\"";
				ENABLE_PREVIEWS = YES;
				ENABLE_USER_SCRIPT_SANDBOXING = NO;
				GENERATE_INFOPLIST_FILE = YES;
				INFOPLIST_FILE = GitLabMobile/Info.plist;
				INFOPLIST_KEY_LSApplicationCategoryType = "public.app-category.developer-tools";
				"INFOPLIST_KEY_UIApplicationSceneManifest_Generation[sdk=iphoneos*]" = YES;
				"INFOPLIST_KEY_UIApplicationSceneManifest_Generation[sdk=iphonesimulator*]" = YES;
				"INFOPLIST_KEY_UIApplicationSupportsIndirectInputEvents[sdk=iphoneos*]" = YES;
				"INFOPLIST_KEY_UIApplicationSupportsIndirectInputEvents[sdk=iphonesimulator*]" = YES;
				"INFOPLIST_KEY_UILaunchScreen_Generation[sdk=iphoneos*]" = YES;
				"INFOPLIST_KEY_UILaunchScreen_Generation[sdk=iphonesimulator*]" = YES;
				"INFOPLIST_KEY_UIStatusBarStyle[sdk=iphoneos*]" = UIStatusBarStyleDefault;
				"INFOPLIST_KEY_UIStatusBarStyle[sdk=iphonesimulator*]" = UIStatusBarStyleDefault;
				INFOPLIST_KEY_UISupportedInterfaceOrientations_iPad = "UIInterfaceOrientationPortrait UIInterfaceOrientationPortraitUpsideDown UIInterfaceOrientationLandscapeLeft UIInterfaceOrientationLandscapeRight";
				INFOPLIST_KEY_UISupportedInterfaceOrientations_iPhone = "UIInterfaceOrientationPortrait UIInterfaceOrientationLandscapeLeft UIInterfaceOrientationLandscapeRight";
				IPHONEOS_DEPLOYMENT_TARGET = 17.1;
				LD_RUNPATH_SEARCH_PATHS = "@executable_path/Frameworks";
				"LD_RUNPATH_SEARCH_PATHS[sdk=macosx*]" = "@executable_path/../Frameworks";
				MACOSX_DEPLOYMENT_TARGET = 15.1;
				MARKETING_VERSION = 1.0;
				PRODUCT_BUNDLE_IDENTIFIER = com.eliomane.GitLabMobile;
				PRODUCT_NAME = "$(TARGET_NAME)";
				SDKROOT = auto;
				SUPPORTED_PLATFORMS = "iphoneos iphonesimulator macosx xros xrsimulator";
				SWIFT_EMIT_LOC_STRINGS = YES;
				SWIFT_VERSION = 5.0;
				TARGETED_DEVICE_FAMILY = "1,2,7";
				XROS_DEPLOYMENT_TARGET = 2.2;
			};
			name = Release;
		};
/* End XCBuildConfiguration section */

/* Begin XCConfigurationList section */
		CE8494C82E4B783300B03BD6 /* Build configuration list for PBXProject "GitLabMobile" */ = {
			isa = XCConfigurationList;
			buildConfigurations = (
				CE8494DA2E4B783500B03BD6 /* Debug */,
				CE8494DB2E4B783500B03BD6 /* Release */,
			);
			defaultConfigurationIsVisible = 0;
			defaultConfigurationName = Release;
		};
		CE8494DC2E4B783500B03BD6 /* Build configuration list for PBXNativeTarget "GitLabMobile" */ = {
			isa = XCConfigurationList;
			buildConfigurations = (
				CE8494DD2E4B783500B03BD6 /* Debug */,
				CE8494DE2E4B783500B03BD6 /* Release */,
			);
			defaultConfigurationIsVisible = 0;
			defaultConfigurationName = Release;
		};
/* End XCConfigurationList section */

/* Begin XCSwiftPackageProductDependency section */
		CE3536002E53CFCD00B479D7 /* ProjectsCache */ = {
			isa = XCSwiftPackageProductDependency;
			productName = ProjectsCache;
		};
		CE3536022E53CFCD00B479D7 /* ProjectsData */ = {
			isa = XCSwiftPackageProductDependency;
			productName = ProjectsData;
		};
		CE3536042E53CFCD00B479D7 /* ProjectsDomain */ = {
			isa = XCSwiftPackageProductDependency;
			productName = ProjectsDomain;
		};
		CE77B2A22E53C56B00AA55AF /* AuthFeature */ = {
			isa = XCSwiftPackageProductDependency;
			productName = AuthFeature;
		};
		CE77B2A42E53C56E00AA55AF /* ExploreFeature */ = {
			isa = XCSwiftPackageProductDependency;
			productName = ExploreFeature;
		};
		CE77B2A82E53C57700AA55AF /* GitLabLogging */ = {
			isa = XCSwiftPackageProductDependency;
			productName = GitLabLogging;
		};
		CE77B2AA2E53C57B00AA55AF /* GitLabNetwork */ = {
			isa = XCSwiftPackageProductDependency;
			productName = GitLabNetwork;
		};
		CE77B2AC2E53C57E00AA55AF /* GitLabPersistence */ = {
			isa = XCSwiftPackageProductDependency;
			productName = GitLabPersistence;
		};
		CE77B2AE2E53C58200AA55AF /* GitLabUtilities */ = {
			isa = XCSwiftPackageProductDependency;
			productName = GitLabUtilities;
		};
		CE77B2B02E53C58600AA55AF /* HomeFeature */ = {
			isa = XCSwiftPackageProductDependency;
			productName = HomeFeature;
		};
		CE77B2B22E53C58B00AA55AF /* ProfileFeature */ = {
			isa = XCSwiftPackageProductDependency;
			productName = ProfileFeature;
		};
		CE77B2B42E53C59700AA55AF /* ProjectDetailsFeature */ = {
			isa = XCSwiftPackageProductDependency;
			productName = ProjectDetailsFeature;
		};
		CE7E159A2E53D5AA00C3FD3E /* GitLabDesignSystem */ = {
			isa = XCSwiftPackageProductDependency;
			productName = GitLabDesignSystem;
		};
		CEBA20522E551A350004A2E1 /* UsersData */ = {
			isa = XCSwiftPackageProductDependency;
			productName = UsersData;
		};
		CEBA20542E551A350004A2E1 /* UsersDomain */ = {
			isa = XCSwiftPackageProductDependency;
			productName = UsersDomain;
		};
		CEF49D382E54A7D500E6D38C /* GitLabImageLoading */ = {
			isa = XCSwiftPackageProductDependency;
			productName = GitLabImageLoading;
		};
		CEF49D3A2E54A7D500E6D38C /* GitLabImageLoadingKingfisher */ = {
			isa = XCSwiftPackageProductDependency;
			productName = GitLabImageLoadingKingfisher;
		};
		CEF49D412E54AA5900E6D38C /* UserProjectsFeature */ = {
			isa = XCSwiftPackageProductDependency;
			productName = UserProjectsFeature;
		};
/* End XCSwiftPackageProductDependency section */
	};
	rootObject = CE8494C52E4B783300B03BD6 /* Project object */;
}
